
Microsoft Visual Studio Solution File, Format Version 12.00
# Visual Studio Version 16
VisualStudioVersion = 16.0.31229.75
MinimumVisualStudioVersion = 10.0.40219.1
Project("{FAE04EC0-301F-11D3-BF4B-00C04F79EFBC}") = "publisgit", "publisgit\publisgit.csproj", "{C2E807D5-22CF-4306-B62F-F236C16445FB}"
EndProject
Global
	GlobalSection(SolutionConfigurationPlatforms) = preSolution
		Debug|Any CPU = Debug|Any CPU
		Release|Any CPU = Release|Any CPU
	EndGlobalSection
	GlobalSection(ProjectConfigurationPlatforms) = postSolution
		{C2E807D5-22CF-4306-B62F-F236C16445FB}.Debug|Any CPU.ActiveCfg = Debug|Any CPU
		{C2E807D5-22CF-4306-B62F-F236C16445FB}.Debug|Any CPU.Build.0 = Debug|Any CPU
		{C2E807D5-22CF-4306-B62F-F236C16445FB}.Release|Any CPU.ActiveCfg = Release|Any CPU
		{C2E807D5-22CF-4306-B62F-F236C16445FB}.Release|Any CPU.Build.0 = Release|Any CPU
	EndGlobalSection
	GlobalSection(SolutionProperties) = preSolution
		HideSolutionNode = FALSE
	EndGlobalSection
	GlobalSection(ExtensibilityGlobals) = postSolution
		SolutionGuid = {8597B900-2323-4972-A71F-4C1D06FEC31D}
	EndGlobalSection
EndGlobal
